
Microsoft Visual Studio Solution File, Format Version 12.00
# Visual Studio Version 17
VisualStudioVersion = 17.8.34511.84
MinimumVisualStudioVersion = 10.0.40219.1
Project("{FAE04EC0-301F-11D3-BF4B-00C04F79EFBC}") = "Атбаш", "курсач\Атбаш.csproj", "{2BF3D7FF-9666-4062-A321-0BBBEC888884}"
EndProject
Project("{FAE04EC0-301F-11D3-BF4B-00C04F79EFBC}") = "UnitTestProject1", "UnitTestProject1\UnitTestProject1.csproj", "{B2BBD4AB-890F-46E0-8379-9F2BAB8DC647}"
EndProject
Global
	GlobalSection(SolutionConfigurationPlatforms) = preSolution
		Debug|Any CPU = Debug|Any CPU
		Release|Any CPU = Release|Any CPU
	EndGlobalSection
	GlobalSection(ProjectConfigurationPlatforms) = postSolution
		{2BF3D7FF-9666-4062-A321-0BBBEC888884}.Debug|Any CPU.ActiveCfg = Debug|Any CPU
		{2BF3D7FF-9666-4062-A321-0BBBEC888884}.Debug|Any CPU.Build.0 = Debug|Any CPU
		{2BF3D7FF-9666-4062-A321-0BBBEC888884}.Release|Any CPU.ActiveCfg = Release|Any CPU
		{2BF3D7FF-9666-4062-A321-0BBBEC888884}.Release|Any CPU.Build.0 = Release|Any CPU
		{B2BBD4AB-890F-46E0-8379-9F2BAB8DC647}.Debug|Any CPU.ActiveCfg = Debug|Any CPU
		{B2BBD4AB-890F-46E0-8379-9F2BAB8DC647}.Debug|Any CPU.Build.0 = Debug|Any CPU
		{B2BBD4AB-890F-46E0-8379-9F2BAB8DC647}.Release|Any CPU.ActiveCfg = Release|Any CPU
		{B2BBD4AB-890F-46E0-8379-9F2BAB8DC647}.Release|Any CPU.Build.0 = Release|Any CPU
	EndGlobalSection
	GlobalSection(SolutionProperties) = preSolution
		HideSolutionNode = FALSE
	EndGlobalSection
	GlobalSection(ExtensibilityGlobals) = postSolution
		SolutionGuid = {39B0A1F6-37D3-4D11-A61A-21579510F5C5}
	EndGlobalSection
EndGlobal
